
Microsoft Visual Studio Solution File, Format Version 12.00
# Visual Studio Version 17
VisualStudioVersion = 17.12.35527.113 d17.12
MinimumVisualStudioVersion = 10.0.40219.1
Project("{FAE04EC0-301F-11D3-BF4B-00C04F79EFBC}") = "NatureHub", "NatureHub.csproj", "{D13D2AE8-71F6-483B-94E6-F313091EBAED}"
EndProject
Global
	GlobalSection(SolutionConfigurationPlatforms) = preSolution
		Debug|Any CPU = Debug|Any CPU
		Release|Any CPU = Release|Any CPU
	EndGlobalSection
	GlobalSection(ProjectConfigurationPlatforms) = postSolution
		{D13D2AE8-71F6-483B-94E6-F313091EBAED}.Debug|Any CPU.ActiveCfg = Debug|Any CPU
		{D13D2AE8-71F6-483B-94E6-F313091EBAED}.Debug|Any CPU.Build.0 = Debug|Any CPU
		{D13D2AE8-71F6-483B-94E6-F313091EBAED}.Release|Any CPU.ActiveCfg = Release|Any CPU
		{D13D2AE8-71F6-483B-94E6-F313091EBAED}.Release|Any CPU.Build.0 = Release|Any CPU
	EndGlobalSection
	GlobalSection(SolutionProperties) = preSolution
		HideSolutionNode = FALSE
	EndGlobalSection
EndGlobal
